
Microsoft Visual Studio Solution File, Format Version 12.00
# Visual Studio Version 16
VisualStudioVersion = 16.0.31911.196
MinimumVisualStudioVersion = 10.0.40219.1
Project("{FAE04EC0-301F-11D3-BF4B-00C04F79EFBC}") = "CRF", "CRF\CRF.csproj", "{06B3D6BC-70A1-4AB6-9400-778358780C4B}"
EndProject
Global
	GlobalSection(SolutionConfigurationPlatforms) = preSolution
		Debug|Any CPU = Debug|Any CPU
		Release|Any CPU = Release|Any CPU
	EndGlobalSection
	GlobalSection(ProjectConfigurationPlatforms) = postSolution
		{06B3D6BC-70A1-4AB6-9400-778358780C4B}.Debug|Any CPU.ActiveCfg = Debug|Any CPU
		{06B3D6BC-70A1-4AB6-9400-778358780C4B}.Debug|Any CPU.Build.0 = Debug|Any CPU
		{06B3D6BC-70A1-4AB6-9400-778358780C4B}.Release|Any CPU.ActiveCfg = Release|Any CPU
		{06B3D6BC-70A1-4AB6-9400-778358780C4B}.Release|Any CPU.Build.0 = Release|Any CPU
	EndGlobalSection
	GlobalSection(SolutionProperties) = preSolution
		HideSolutionNode = FALSE
	EndGlobalSection
	GlobalSection(ExtensibilityGlobals) = postSolution
		SolutionGuid = {081E49F4-6785-413F-A1F6-F7FD520FCB75}
	EndGlobalSection
EndGlobal
